github.com/minio/pkg/v3 v3.0.1 h1:qts6g9rYjAdeomRdwjnMc1IaQ6KbaJs3dwqBntXziaw=
github.com/minio/pkg/v3 v3.0.1/go.mod h1:53gkSUVHcfYoskOs5YAJ3D99nsd2SKru90rdE9whlXU=
github.com/minio/pkg/v3 v3.11.0 h1:WjzWGP7lyuupJgUSRim1RDtNujHtESyMQF7qSR4r5Dg=
github.com/minio/pkg/v3 v3.11.0/go.mod h1:gBNHbob7QUCu/5nOtkAEEpN6diu1o1lwFpEnzU35s9U=
