name: 'Lock Threads'

on:
  schedule:
    - cron: '0 0 * * *'
  workflow_dispatch:

permissions:
  issues: write

concurrency:
  group: lock

jobs:
  action:
    runs-on: ubuntu-latest
    steps:
      - uses: dessant/lock-threads@89ae32b08ed1a541efecbab17912962a5e38981c # v6
        with:
          github-token: ${{ github.token }}
          issue-inactive-days: '365'
          exclude-any-issue-labels: 'do-not-close'
          issue-lock-reason: 'resolved'
          log-output: true
